
Microsoft Visual Studio Solution File, Format Version 12.00
# Visual Studio 15
VisualStudioVersion = 15.0.27004.2005
MinimumVisualStudioVersion = 10.0.40219.1
Project("{8BC9CEB8-8B4A-11D0-8D11-00A0C91BC942}") = "Bjarke_Thor_Hotel", "Bjarke_Thor_Hotel\Bjarke_Thor_Hotel.vcxproj", "{05872B50-D9CC-4C37-99D1-910D72E91FC6}"
EndProject
Global
	GlobalSection(SolutionConfigurationPlatforms) = preSolution
		Debug|x64 = Debug|x64
		Debug|x86 = Debug|x86
		Release|x64 = Release|x64
		Release|x86 = Release|x86
	EndGlobalSection
	GlobalSection(ProjectConfigurationPlatforms) = postSolution
		{05872B50-D9CC-4C37-99D1-910D72E91FC6}.Debug|x64.ActiveCfg = Debug|x64
		{05872B50-D9CC-4C37-99D1-910D72E91FC6}.Debug|x64.Build.0 = Debug|x64
		{05872B50-D9CC-4C37-99D1-910D72E91FC6}.Debug|x86.ActiveCfg = Debug|Win32
		{05872B50-D9CC-4C37-99D1-910D72E91FC6}.Debug|x86.Build.0 = Debug|Win32
		{05872B50-D9CC-4C37-99D1-910D72E91FC6}.Release|x64.ActiveCfg = Release|x64
		{05872B50-D9CC-4C37-99D1-910D72E91FC6}.Release|x64.Build.0 = Release|x64
		{05872B50-D9CC-4C37-99D1-910D72E91FC6}.Release|x86.ActiveCfg = Release|Win32
		{05872B50-D9CC-4C37-99D1-910D72E91FC6}.Release|x86.Build.0 = Release|Win32
	EndGlobalSection
	GlobalSection(SolutionProperties) = preSolution
		HideSolutionNode = FALSE
	EndGlobalSection
	GlobalSection(ExtensibilityGlobals) = postSolution
		SolutionGuid = {13329C07-5AD2-459C-925F-F0410510E923}
	EndGlobalSection
EndGlobal
